
Microsoft Visual Studio Solution File, Format Version 12.00
# Visual Studio Version 17
VisualStudioVersion = 17.7.34031.279
MinimumVisualStudioVersion = 10.0.40219.1
Project("{FAE04EC0-301F-11D3-BF4B-00C04F79EFBC}") = "Gestao", "Gestao\Gestao.csproj", "{ACB5ECA7-1199-4B5F-857F-72CBB0694E37}"
EndProject
Global
	GlobalSection(SolutionConfigurationPlatforms) = preSolution
		Debug|Any CPU = Debug|Any CPU
		Release|Any CPU = Release|Any CPU
	EndGlobalSection
	GlobalSection(ProjectConfigurationPlatforms) = postSolution
		{ACB5ECA7-1199-4B5F-857F-72CBB0694E37}.Debug|Any CPU.ActiveCfg = Debug|Any CPU
		{ACB5ECA7-1199-4B5F-857F-72CBB0694E37}.Debug|Any CPU.Build.0 = Debug|Any CPU
		{ACB5ECA7-1199-4B5F-857F-72CBB0694E37}.Release|Any CPU.ActiveCfg = Release|Any CPU
		{ACB5ECA7-1199-4B5F-857F-72CBB0694E37}.Release|Any CPU.Build.0 = Release|Any CPU
	EndGlobalSection
	GlobalSection(SolutionProperties) = preSolution
		HideSolutionNode = FALSE
	EndGlobalSection
	GlobalSection(ExtensibilityGlobals) = postSolution
		SolutionGuid = {63D7865C-4DD5-4B35-98A9-924790DE2760}
	EndGlobalSection
EndGlobal
